// !$*UTF8*$!
{
	archiveVersion = 1;
	classes = {
	};
	objectVersion = 51;
	objects = {

/* Begin PBXBuildFile section */
		1391EBCB46A313121F5F9D23 /* Pods_movieDBapp.framework in Frameworks */ = {isa = PBXBuildFile; fileRef = 610A02C3BE5010418D25F625 /* Pods_movieDBapp.framework */; };
		E79EE08322DC81D500A668AF /* DetailOfMovieResponseModel.swift in Sources */ = {isa = PBXBuildFile; fileRef = E79EE08222DC81D500A668AF /* DetailOfMovieResponseModel.swift */; };
		E79EE08522DC87D000A668AF /* DetailOfMovieViewModel.swift in Sources */ = {isa = PBXBuildFile; fileRef = E79EE08422DC87D000A668AF /* DetailOfMovieViewModel.swift */; };
		E79EE08722DC88A800A668AF /* MovieListAndDetailModel.swift in Sources */ = {isa = PBXBuildFile; fileRef = E79EE08622DC88A800A668AF /* MovieListAndDetailModel.swift */; };
		E79EE08922DC93F600A668AF /* DetailOfMovieDomainModel.swift in Sources */ = {isa = PBXBuildFile; fileRef = E79EE08822DC93F500A668AF /* DetailOfMovieDomainModel.swift */; };
		E79EE08B22DC940200A668AF /* ListWithDetailDomainModel.swift in Sources */ = {isa = PBXBuildFile; fileRef = E79EE08A22DC940200A668AF /* ListWithDetailDomainModel.swift */; };
		E79EE08D22DCAB6D00A668AF /* MoviesDetailsViewModel.swift in Sources */ = {isa = PBXBuildFile; fileRef = E79EE08C22DCAB6D00A668AF /* MoviesDetailsViewModel.swift */; };
		E7CB4AC222DB24B900512468 /* ApiController.swift in Sources */ = {isa = PBXBuildFile; fileRef = E7CB4AC122DB24B900512468 /* ApiController.swift */; };
		E7CB4AC422DB24E700512468 /* ApiRouter.swift in Sources */ = {isa = PBXBuildFile; fileRef = E7CB4AC322DB24E700512468 /* ApiRouter.swift */; };
		E7CB4AC722DB257A00512468 /* Constants.swift in Sources */ = {isa = PBXBuildFile; fileRef = E7CB4AC622DB257A00512468 /* Constants.swift */; };
		E7CB4AC922DB27CF00512468 /* MovieAppError.swift in Sources */ = {isa = PBXBuildFile; fileRef = E7CB4AC822DB27CF00512468 /* MovieAppError.swift */; };
		E7CB4ACB22DB29E700512468 /* ApiParams.swift in Sources */ = {isa = PBXBuildFile; fileRef = E7CB4ACA22DB29E700512468 /* ApiParams.swift */; };
		E7CB4AD922DB2FC600512468 /* BaseViewController.swift in Sources */ = {isa = PBXBuildFile; fileRef = E7CB4AD822DB2FC600512468 /* BaseViewController.swift */; };
		E7CB4ADB22DB2FD200512468 /* BaseViewProtocol.swift in Sources */ = {isa = PBXBuildFile; fileRef = E7CB4ADA22DB2FD200512468 /* BaseViewProtocol.swift */; };
		E7CB4AE122DB316900512468 /* PopularMoviesViewController.swift in Sources */ = {isa = PBXBuildFile; fileRef = E7CB4AE022DB316900512468 /* PopularMoviesViewController.swift */; };
		E7CB4AE622DB325A00512468 /* PopularMoviesViewProtocol.swift in Sources */ = {isa = PBXBuildFile; fileRef = E7CB4AE522DB325A00512468 /* PopularMoviesViewProtocol.swift */; };
		E7CB4AEA22DB336300512468 /* PopularMoviesPresenter.swift in Sources */ = {isa = PBXBuildFile; fileRef = E7CB4AE922DB336300512468 /* PopularMoviesPresenter.swift */; };
		E7E80B9C22DB1B31004FE499 /* AppDelegate.swift in Sources */ = {isa = PBXBuildFile; fileRef = E7E80B9B22DB1B31004FE499 /* AppDelegate.swift */; };
		E7E80BA122DB1B31004FE499 /* Main.storyboard in Resources */ = {isa = PBXBuildFile; fileRef = E7E80B9F22DB1B31004FE499 /* Main.storyboard */; };
		E7E80BA322DB1B32004FE499 /* Assets.xcassets in Resources */ = {isa = PBXBuildFile; fileRef = E7E80BA222DB1B32004FE499 /* Assets.xcassets */; };
		E7E80BA622DB1B32004FE499 /* LaunchScreen.storyboard in Resources */ = {isa = PBXBuildFile; fileRef = E7E80BA422DB1B32004FE499 /* LaunchScreen.storyboard */; };
		E7EB7B4522DB34F50000E2AE /* PopularMoviesPresenterProtocol.swift in Sources */ = {isa = PBXBuildFile; fileRef = E7EB7B4422DB34F50000E2AE /* PopularMoviesPresenterProtocol.swift */; };
		E7EB7B4722DB36850000E2AE /* PopularMoviesDomainController.swift in Sources */ = {isa = PBXBuildFile; fileRef = E7EB7B4622DB36850000E2AE /* PopularMoviesDomainController.swift */; };
		E7EB7B4C22DB38170000E2AE /* PopularMoviesDataController.swift in Sources */ = {isa = PBXBuildFile; fileRef = E7EB7B4B22DB38170000E2AE /* PopularMoviesDataController.swift */; };
		E7EB7B4E22DB38660000E2AE /* DetailOfMovieDataController.swift in Sources */ = {isa = PBXBuildFile; fileRef = E7EB7B4D22DB38660000E2AE /* DetailOfMovieDataController.swift */; };
		E7EB7B5222DB38B50000E2AE /* DetailOfMovieDomainController.swift in Sources */ = {isa = PBXBuildFile; fileRef = E7EB7B5122DB38B50000E2AE /* DetailOfMovieDomainController.swift */; };
		E7EB7B5922DB3A1D0000E2AE /* DetailOfMovieViewController.swift in Sources */ = {isa = PBXBuildFile; fileRef = E7EB7B5822DB3A1D0000E2AE /* DetailOfMovieViewController.swift */; };
		E7EB7B5B22DB3FC00000E2AE /* DetailOfMoviePresenter.swift in Sources */ = {isa = PBXBuildFile; fileRef = E7EB7B5A22DB3FC00000E2AE /* DetailOfMoviePresenter.swift */; };
		E7EB7B5D22DB3FD00000E2AE /* DetailOfMovieViewProtocol.swift in Sources */ = {isa = PBXBuildFile; fileRef = E7EB7B5C22DB3FD00000E2AE /* DetailOfMovieViewProtocol.swift */; };
		E7EB7B5F22DB3FDE0000E2AE /* DetailOfMoviePresenterProtocol.swift in Sources */ = {isa = PBXBuildFile; fileRef = E7EB7B5E22DB3FDE0000E2AE /* DetailOfMoviePresenterProtocol.swift */; };
		E7EB7B6122DB44940000E2AE /* PopularMoviesResponseModel.swift in Sources */ = {isa = PBXBuildFile; fileRef = E7EB7B6022DB44940000E2AE /* PopularMoviesResponseModel.swift */; };
		E7EB7B6322DB56AB0000E2AE /* PopularMoviesDomainModel.swift in Sources */ = {isa = PBXBuildFile; fileRef = E7EB7B6222DB56AB0000E2AE /* PopularMoviesDomainModel.swift */; };
		E7EB7B6522DB59480000E2AE /* MovieImageHelper.swift in Sources */ = {isa = PBXBuildFile; fileRef = E7EB7B6422DB59480000E2AE /* MovieImageHelper.swift */; };
		E7EB7B6722DB86870000E2AE /* PopularMoviesViewModel.swift in Sources */ = {isa = PBXBuildFile; fileRef = E7EB7B6622DB86870000E2AE /* PopularMoviesViewModel.swift */; };
		E7EB7B6C22DB904C0000E2AE /* PopularMoviesCell.swift in Sources */ = {isa = PBXBuildFile; fileRef = E7EB7B6A22DB904C0000E2AE /* PopularMoviesCell.swift */; };
		E7EB7B6D22DB904C0000E2AE /* PopularMoviesCell.xib in Resources */ = {isa = PBXBuildFile; fileRef = E7EB7B6B22DB904C0000E2AE /* PopularMoviesCell.xib */; };
/* End PBXBuildFile section */

/* Begin PBXFileReference section */
		610A02C3BE5010418D25F625 /* Pods_movieDBapp.framework */ = {isa = PBXFileReference; explicitFileType = wrapper.framework; includeInIndex = 0; path = Pods_movieDBapp.framework; sourceTree = BUILT_PRODUCTS_DIR; };
		E79EE08222DC81D500A668AF /* DetailOfMovieResponseModel.swift */ = {isa = PBXFileReference; lastKnownFileType = sourcecode.swift; path = DetailOfMovieResponseModel.swift; sourceTree = "<group>"; };
		E79EE08422DC87D000A668AF /* DetailOfMovieViewModel.swift */ = {isa = PBXFileReference; lastKnownFileType = sourcecode.swift; path = DetailOfMovieViewModel.swift; sourceTree = "<group>"; };
		E79EE08622DC88A800A668AF /* MovieListAndDetailModel.swift */ = {isa = PBXFileReference; lastKnownFileType = sourcecode.swift; path = MovieListAndDetailModel.swift; sourceTree = "<group>"; };
		E79EE08822DC93F500A668AF /* DetailOfMovieDomainModel.swift */ = {isa = PBXFileReference; lastKnownFileType = sourcecode.swift; path = DetailOfMovieDomainModel.swift; sourceTree = "<group>"; };
		E79EE08A22DC940200A668AF /* ListWithDetailDomainModel.swift */ = {isa = PBXFileReference; lastKnownFileType = sourcecode.swift; path = ListWithDetailDomainModel.swift; sourceTree = "<group>"; };
		E79EE08C22DCAB6D00A668AF /* MoviesDetailsViewModel.swift */ = {isa = PBXFileReference; lastKnownFileType = sourcecode.swift; path = MoviesDetailsViewModel.swift; sourceTree = "<group>"; };
		E7CB4AC122DB24B900512468 /* ApiController.swift */ = {isa = PBXFileReference; lastKnownFileType = sourcecode.swift; path = ApiController.swift; sourceTree = "<group>"; };
		E7CB4AC322DB24E700512468 /* ApiRouter.swift */ = {isa = PBXFileReference; lastKnownFileType = sourcecode.swift; path = ApiRouter.swift; sourceTree = "<group>"; };
		E7CB4AC622DB257A00512468 /* Constants.swift */ = {isa = PBXFileReference; lastKnownFileType = sourcecode.swift; path = Constants.swift; sourceTree = "<group>"; };
		E7CB4AC822DB27CF00512468 /* MovieAppError.swift */ = {isa = PBXFileReference; lastKnownFileType = sourcecode.swift; path = MovieAppError.swift; sourceTree = "<group>"; };
		E7CB4ACA22DB29E700512468 /* ApiParams.swift */ = {isa = PBXFileReference; lastKnownFileType = sourcecode.swift; path = ApiParams.swift; sourceTree = "<group>"; };
		E7CB4AD822DB2FC600512468 /* BaseViewController.swift */ = {isa = PBXFileReference; lastKnownFileType = sourcecode.swift; path = BaseViewController.swift; sourceTree = "<group>"; };
		E7CB4ADA22DB2FD200512468 /* BaseViewProtocol.swift */ = {isa = PBXFileReference; lastKnownFileType = sourcecode.swift; path = BaseViewProtocol.swift; sourceTree = "<group>"; };
		E7CB4AE022DB316900512468 /* PopularMoviesViewController.swift */ = {isa = PBXFileReference; lastKnownFileType = sourcecode.swift; path = PopularMoviesViewController.swift; sourceTree = "<group>"; };
		E7CB4AE522DB325A00512468 /* PopularMoviesViewProtocol.swift */ = {isa = PBXFileReference; lastKnownFileType = sourcecode.swift; path = PopularMoviesViewProtocol.swift; sourceTree = "<group>"; };
		E7CB4AE922DB336300512468 /* PopularMoviesPresenter.swift */ = {isa = PBXFileReference; lastKnownFileType = sourcecode.swift; path = PopularMoviesPresenter.swift; sourceTree = "<group>"; };
		E7E80B9822DB1B31004FE499 /* movieDBapp.app */ = {isa = PBXFileReference; explicitFileType = wrapper.application; includeInIndex = 0; path = movieDBapp.app; sourceTree = BUILT_PRODUCTS_DIR; };
		E7E80B9B22DB1B31004FE499 /* AppDelegate.swift */ = {isa = PBXFileReference; lastKnownFileType = sourcecode.swift; path = AppDelegate.swift; sourceTree = "<group>"; };
		E7E80BA022DB1B31004FE499 /* Base */ = {isa = PBXFileReference; lastKnownFileType = file.storyboard; name = Base; path = Base.lproj/Main.storyboard; sourceTree = "<group>"; };
		E7E80BA222DB1B32004FE499 /* Assets.xcassets */ = {isa = PBXFileReference; lastKnownFileType = folder.assetcatalog; path = Assets.xcassets; sourceTree = "<group>"; };
		E7E80BA522DB1B32004FE499 /* Base */ = {isa = PBXFileReference; lastKnownFileType = file.storyboard; name = Base; path = Base.lproj/LaunchScreen.storyboard; sourceTree = "<group>"; };
		E7E80BA722DB1B32004FE499 /* Info.plist */ = {isa = PBXFileReference; lastKnownFileType = text.plist.xml; path = Info.plist; sourceTree = "<group>"; };
		E7EB7B4422DB34F50000E2AE /* PopularMoviesPresenterProtocol.swift */ = {isa = PBXFileReference; lastKnownFileType = sourcecode.swift; path = PopularMoviesPresenterProtocol.swift; sourceTree = "<group>"; };
		E7EB7B4622DB36850000E2AE /* PopularMoviesDomainController.swift */ = {isa = PBXFileReference; lastKnownFileType = sourcecode.swift; path = PopularMoviesDomainController.swift; sourceTree = "<group>"; };
		E7EB7B4B22DB38170000E2AE /* PopularMoviesDataController.swift */ = {isa = PBXFileReference; lastKnownFileType = sourcecode.swift; path = PopularMoviesDataController.swift; sourceTree = "<group>"; };
		E7EB7B4D22DB38660000E2AE /* DetailOfMovieDataController.swift */ = {isa = PBXFileReference; lastKnownFileType = sourcecode.swift; path = DetailOfMovieDataController.swift; sourceTree = "<group>"; };
		E7EB7B5122DB38B50000E2AE /* DetailOfMovieDomainController.swift */ = {isa = PBXFileReference; lastKnownFileType = sourcecode.swift; path = DetailOfMovieDomainController.swift; sourceTree = "<group>"; };
		E7EB7B5822DB3A1D0000E2AE /* DetailOfMovieViewController.swift */ = {isa = PBXFileReference; lastKnownFileType = sourcecode.swift; path = DetailOfMovieViewController.swift; sourceTree = "<group>"; };
		E7EB7B5A22DB3FC00000E2AE /* DetailOfMoviePresenter.swift */ = {isa = PBXFileReference; lastKnownFileType = sourcecode.swift; path = DetailOfMoviePresenter.swift; sourceTree = "<group>"; };
		E7EB7B5C22DB3FD00000E2AE /* DetailOfMovieViewProtocol.swift */ = {isa = PBXFileReference; lastKnownFileType = sourcecode.swift; path = DetailOfMovieViewProtocol.swift; sourceTree = "<group>"; };
		E7EB7B5E22DB3FDE0000E2AE /* DetailOfMoviePresenterProtocol.swift */ = {isa = PBXFileReference; lastKnownFileType = sourcecode.swift; path = DetailOfMoviePresenterProtocol.swift; sourceTree = "<group>"; };
		E7EB7B6022DB44940000E2AE /* PopularMoviesResponseModel.swift */ = {isa = PBXFileReference; lastKnownFileType = sourcecode.swift; path = PopularMoviesResponseModel.swift; sourceTree = "<group>"; };
		E7EB7B6222DB56AB0000E2AE /* PopularMoviesDomainModel.swift */ = {isa = PBXFileReference; lastKnownFileType = sourcecode.swift; path = PopularMoviesDomainModel.swift; sourceTree = "<group>"; };
		E7EB7B6422DB59480000E2AE /* MovieImageHelper.swift */ = {isa = PBXFileReference; lastKnownFileType = sourcecode.swift; path = MovieImageHelper.swift; sourceTree = "<group>"; };
		E7EB7B6622DB86870000E2AE /* PopularMoviesViewModel.swift */ = {isa = PBXFileReference; lastKnownFileType = sourcecode.swift; path = PopularMoviesViewModel.swift; sourceTree = "<group>"; };
		E7EB7B6A22DB904C0000E2AE /* PopularMoviesCell.swift */ = {isa = PBXFileReference; lastKnownFileType = sourcecode.swift; path = PopularMoviesCell.swift; sourceTree = "<group>"; };
		E7EB7B6B22DB904C0000E2AE /* PopularMoviesCell.xib */ = {isa = PBXFileReference; lastKnownFileType = file.xib; path = PopularMoviesCell.xib; sourceTree = "<group>"; };
		EF26ACBE68B890C7ED609606 /* Pods-movieDBapp.debug.xcconfig */ = {isa = PBXFileReference; includeInIndex = 1; lastKnownFileType = text.xcconfig; name = "Pods-movieDBapp.debug.xcconfig"; path = "Target Support Files/Pods-movieDBapp/Pods-movieDBapp.debug.xcconfig"; sourceTree = "<group>"; };
		FA6F47323E051761574BD739 /* Pods-movieDBapp.release.xcconfig */ = {isa = PBXFileReference; includeInIndex = 1; lastKnownFileType = text.xcconfig; name = "Pods-movieDBapp.release.xcconfig"; path = "Target Support Files/Pods-movieDBapp/Pods-movieDBapp.release.xcconfig"; sourceTree = "<group>"; };
/* End PBXFileReference section */

/* Begin PBXFrameworksBuildPhase section */
		E7E80B9522DB1B31004FE499 /* Frameworks */ = {
			isa = PBXFrameworksBuildPhase;
			buildActionMask = 2147483647;
			files = (
				1391EBCB46A313121F5F9D23 /* Pods_movieDBapp.framework in Frameworks */,
			);
			runOnlyForDeploymentPostprocessing = 0;
		};
/* End PBXFrameworksBuildPhase section */

/* Begin PBXGroup section */
		14A561ADA992BD26DA942042 /* Pods */ = {
			isa = PBXGroup;
			children = (
				EF26ACBE68B890C7ED609606 /* Pods-movieDBapp.debug.xcconfig */,
				FA6F47323E051761574BD739 /* Pods-movieDBapp.release.xcconfig */,
			);
			path = Pods;
			sourceTree = "<group>";
		};
		E7CB4ABD22DB1F2200512468 /* Architecture */ = {
			isa = PBXGroup;
			children = (
				E7CB4AD622DB2FB200512468 /* Base */,
				E7CB4ABF22DB1F3E00512468 /* Data */,
			);
			path = Architecture;
			sourceTree = "<group>";
		};
		E7CB4ABE22DB1F2C00512468 /* App */ = {
			isa = PBXGroup;
			children = (
				E7CB4ACF22DB2E8700512468 /* Layers */,
				E7CB4AC522DB256700512468 /* Common */,
			);
			path = App;
			sourceTree = "<group>";
		};
		E7CB4ABF22DB1F3E00512468 /* Data */ = {
			isa = PBXGroup;
			children = (
				E7CB4AC022DB1F5400512468 /* CommunicationApi */,
			);
			path = Data;
			sourceTree = "<group>";
		};
		E7CB4AC022DB1F5400512468 /* CommunicationApi */ = {
			isa = PBXGroup;
			children = (
				E7CB4AC122DB24B900512468 /* ApiController.swift */,
				E7CB4AC322DB24E700512468 /* ApiRouter.swift */,
				E7CB4ACA22DB29E700512468 /* ApiParams.swift */,
			);
			path = CommunicationApi;
			sourceTree = "<group>";
		};
		E7CB4AC522DB256700512468 /* Common */ = {
			isa = PBXGroup;
			children = (
				E7CB4AC622DB257A00512468 /* Constants.swift */,
				E7CB4AC822DB27CF00512468 /* MovieAppError.swift */,
				E7EB7B6422DB59480000E2AE /* MovieImageHelper.swift */,
			);
			path = Common;
			sourceTree = "<group>";
		};
		E7CB4ACC22DB2E6E00512468 /* Presentation */ = {
			isa = PBXGroup;
			children = (
				E7CB4AD022DB2F3300512468 /* PopularMovies */,
				E7CB4AD122DB2F4400512468 /* DetailOfMovie */,
			);
			path = Presentation;
			sourceTree = "<group>";
		};
		E7CB4ACD22DB2E7500512468 /* Domain */ = {
			isa = PBXGroup;
			children = (
				E7CB4AD322DB2F6300512468 /* PopularMovies */,
				E7CB4AD222DB2F5900512468 /* DetailOfMovie */,
			);
			path = Domain;
			sourceTree = "<group>";
		};
		E7CB4ACE22DB2E7A00512468 /* Data */ = {
			isa = PBXGroup;
			children = (
				E7CB4AD422DB2F6A00512468 /* PopularMovies */,
				E7CB4AD522DB2F6F00512468 /* DetailOfMovie */,
			);
			path = Data;
			sourceTree = "<group>";
		};
		E7CB4ACF22DB2E8700512468 /* Layers */ = {
			isa = PBXGroup;
			children = (
				E7CB4ACC22DB2E6E00512468 /* Presentation */,
				E7CB4ACD22DB2E7500512468 /* Domain */,
				E7CB4ACE22DB2E7A00512468 /* Data */,
			);
			path = Layers;
			sourceTree = "<group>";
		};
		E7CB4AD022DB2F3300512468 /* PopularMovies */ = {
			isa = PBXGroup;
			children = (
				E7EB7B6922DB902E0000E2AE /* Cell */,
				E7CB4AE422DB31D900512468 /* View */,
				E7CB4AE722DB327700512468 /* Presenter */,
				E7CB4AE822DB327D00512468 /* Model */,
			);
			path = PopularMovies;
			sourceTree = "<group>";
		};
		E7CB4AD122DB2F4400512468 /* DetailOfMovie */ = {
			isa = PBXGroup;
			children = (
				E7EB7B5322DB39E90000E2AE /* View */,
				E7EB7B5422DB39EF0000E2AE /* Presenter */,
				E7EB7B5522DB39F40000E2AE /* Model */,
			);
			path = DetailOfMovie;
			sourceTree = "<group>";
		};
		E7CB4AD222DB2F5900512468 /* DetailOfMovie */ = {
			isa = PBXGroup;
			children = (
				E7EB7B5122DB38B50000E2AE /* DetailOfMovieDomainController.swift */,
			);
			path = DetailOfMovie;
			sourceTree = "<group>";
		};
		E7CB4AD322DB2F6300512468 /* PopularMovies */ = {
			isa = PBXGroup;
			children = (
				E7EB7B4622DB36850000E2AE /* PopularMoviesDomainController.swift */,
				E7EB7B6222DB56AB0000E2AE /* PopularMoviesDomainModel.swift */,
				E79EE08822DC93F500A668AF /* DetailOfMovieDomainModel.swift */,
				E79EE08A22DC940200A668AF /* ListWithDetailDomainModel.swift */,
			);
			path = PopularMovies;
			sourceTree = "<group>";
		};
		E7CB4AD422DB2F6A00512468 /* PopularMovies */ = {
			isa = PBXGroup;
			children = (
				E7EB7B4B22DB38170000E2AE /* PopularMoviesDataController.swift */,
				E7EB7B6022DB44940000E2AE /* PopularMoviesResponseModel.swift */,
				E79EE08222DC81D500A668AF /* DetailOfMovieResponseModel.swift */,
				E79EE08622DC88A800A668AF /* MovieListAndDetailModel.swift */,
			);
			path = PopularMovies;
			sourceTree = "<group>";
		};
		E7CB4AD522DB2F6F00512468 /* DetailOfMovie */ = {
			isa = PBXGroup;
			children = (
				E7EB7B4D22DB38660000E2AE /* DetailOfMovieDataController.swift */,
			);
			path = DetailOfMovie;
			sourceTree = "<group>";
		};
		E7CB4AD622DB2FB200512468 /* Base */ = {
			isa = PBXGroup;
			children = (
				E7CB4AD722DB2FB800512468 /* View */,
			);
			path = Base;
			sourceTree = "<group>";
		};
		E7CB4AD722DB2FB800512468 /* View */ = {
			isa = PBXGroup;
			children = (
				E7CB4AD822DB2FC600512468 /* BaseViewController.swift */,
				E7CB4ADA22DB2FD200512468 /* BaseViewProtocol.swift */,
			);
			path = View;
			sourceTree = "<group>";
		};
		E7CB4AE422DB31D900512468 /* View */ = {
			isa = PBXGroup;
			children = (
				E7CB4AE022DB316900512468 /* PopularMoviesViewController.swift */,
				E7CB4AE522DB325A00512468 /* PopularMoviesViewProtocol.swift */,
			);
			path = View;
			sourceTree = "<group>";
		};
		E7CB4AE722DB327700512468 /* Presenter */ = {
			isa = PBXGroup;
			children = (
				E7CB4AE922DB336300512468 /* PopularMoviesPresenter.swift */,
				E7EB7B4422DB34F50000E2AE /* PopularMoviesPresenterProtocol.swift */,
			);
			path = Presenter;
			sourceTree = "<group>";
		};
		E7CB4AE822DB327D00512468 /* Model */ = {
			isa = PBXGroup;
			children = (
				E7EB7B6622DB86870000E2AE /* PopularMoviesViewModel.swift */,
				E79EE08C22DCAB6D00A668AF /* MoviesDetailsViewModel.swift */,
			);
			path = Model;
			sourceTree = "<group>";
		};
		E7E80B8F22DB1B31004FE499 = {
			isa = PBXGroup;
			children = (
				E7E80B9A22DB1B31004FE499 /* movieDBapp */,
				E7E80B9922DB1B31004FE499 /* Products */,
				14A561ADA992BD26DA942042 /* Pods */,
				FB3779E4DD4792D6306CE8FB /* Frameworks */,
			);
			sourceTree = "<group>";
		};
		E7E80B9922DB1B31004FE499 /* Products */ = {
			isa = PBXGroup;
			children = (
				E7E80B9822DB1B31004FE499 /* movieDBapp.app */,
			);
			name = Products;
			sourceTree = "<group>";
		};
		E7E80B9A22DB1B31004FE499 /* movieDBapp */ = {
			isa = PBXGroup;
			children = (
				E7CB4ABE22DB1F2C00512468 /* App */,
				E7CB4ABD22DB1F2200512468 /* Architecture */,
				E7E80B9B22DB1B31004FE499 /* AppDelegate.swift */,
				E7E80B9F22DB1B31004FE499 /* Main.storyboard */,
				E7E80BA222DB1B32004FE499 /* Assets.xcassets */,
				E7E80BA422DB1B32004FE499 /* LaunchScreen.storyboard */,
				E7E80BA722DB1B32004FE499 /* Info.plist */,
			);
			path = movieDBapp;
			sourceTree = "<group>";
		};
		E7EB7B5322DB39E90000E2AE /* View */ = {
			isa = PBXGroup;
			children = (
				E7EB7B5822DB3A1D0000E2AE /* DetailOfMovieViewController.swift */,
				E7EB7B5C22DB3FD00000E2AE /* DetailOfMovieViewProtocol.swift */,
			);
			path = View;
			sourceTree = "<group>";
		};
		E7EB7B5422DB39EF0000E2AE /* Presenter */ = {
			isa = PBXGroup;
			children = (
				E7EB7B5A22DB3FC00000E2AE /* DetailOfMoviePresenter.swift */,
				E7EB7B5E22DB3FDE0000E2AE /* DetailOfMoviePresenterProtocol.swift */,
			);
			path = Presenter;
			sourceTree = "<group>";
		};
		E7EB7B5522DB39F40000E2AE /* Model */ = {
			isa = PBXGroup;
			children = (
				E79EE08422DC87D000A668AF /* DetailOfMovieViewModel.swift */,
			);
			path = Model;
			sourceTree = "<group>";
		};
		E7EB7B6922DB902E0000E2AE /* Cell */ = {
			isa = PBXGroup;
			children = (
				E7EB7B6A22DB904C0000E2AE /* PopularMoviesCell.swift */,
				E7EB7B6B22DB904C0000E2AE /* PopularMoviesCell.xib */,
			);
			path = Cell;
			sourceTree = "<group>";
		};
		FB3779E4DD4792D6306CE8FB /* Frameworks */ = {
			isa = PBXGroup;
			children = (
				610A02C3BE5010418D25F625 /* Pods_movieDBapp.framework */,
			);
			name = Frameworks;
			sourceTree = "<group>";
		};
/* End PBXGroup section */

/* Begin PBXNativeTarget section */
		E7E80B9722DB1B31004FE499 /* movieDBapp */ = {
			isa = PBXNativeTarget;
			buildConfigurationList = E7E80BAA22DB1B32004FE499 /* Build configuration list for PBXNativeTarget "movieDBapp" */;
			buildPhases = (
				6BBF030ECB0114E02538942A /* [CP] Check Pods Manifest.lock */,
				E7E80B9422DB1B31004FE499 /* Sources */,
				E7E80B9522DB1B31004FE499 /* Frameworks */,
				E7E80B9622DB1B31004FE499 /* Resources */,
				290E5ABB48CBF4827847B542 /* [CP] Embed Pods Frameworks */,
			);
			buildRules = (
			);
			dependencies = (
			);
			name = movieDBapp;
			productName = movieDBapp;
			productReference = E7E80B9822DB1B31004FE499 /* movieDBapp.app */;
			productType = "com.apple.product-type.application";
		};
/* End PBXNativeTarget section */

/* Begin PBXProject section */
		E7E80B9022DB1B31004FE499 /* Project object */ = {
			isa = PBXProject;
			attributes = {
				LastSwiftUpdateCheck = 1010;
				LastUpgradeCheck = 1010;
				ORGANIZATIONNAME = "Borja Saez de Guinoa Vilaplana";
				TargetAttributes = {
					E7E80B9722DB1B31004FE499 = {
						CreatedOnToolsVersion = 10.1;
					};
				};
			};
			buildConfigurationList = E7E80B9322DB1B31004FE499 /* Build configuration list for PBXProject "movieDBapp" */;
			compatibilityVersion = "Xcode 9.3";
			developmentRegion = en;
			hasScannedForEncodings = 0;
			knownRegions = (
				en,
				Base,
			);
			mainGroup = E7E80B8F22DB1B31004FE499;
			productRefGroup = E7E80B9922DB1B31004FE499 /* Products */;
			projectDirPath = "";
			projectRoot = "";
			targets = (
				E7E80B9722DB1B31004FE499 /* movieDBapp */,
			);
		};
/* End PBXProject section */

/* Begin PBXResourcesBuildPhase section */
		E7E80B9622DB1B31004FE499 /* Resources */ = {
			isa = PBXResourcesBuildPhase;
			buildActionMask = 2147483647;
			files = (
				E7EB7B6D22DB904C0000E2AE /* PopularMoviesCell.xib in Resources */,
				E7E80BA622DB1B32004FE499 /* LaunchScreen.storyboard in Resources */,
				E7E80BA322DB1B32004FE499 /* Assets.xcassets in Resources */,
				E7E80BA122DB1B31004FE499 /* Main.storyboard in Resources */,
			);
			runOnlyForDeploymentPostprocessing = 0;
		};
/* End PBXResourcesBuildPhase section */

/* Begin PBXShellScriptBuildPhase section */
		290E5ABB48CBF4827847B542 /* [CP] Embed Pods Frameworks */ = {
			isa = PBXShellScriptBuildPhase;
			buildActionMask = 2147483647;
			files = (
			);
			inputFileListPaths = (
				"${PODS_ROOT}/Target Support Files/Pods-movieDBapp/Pods-movieDBapp-frameworks-${CONFIGURATION}-input-files.xcfilelist",
			);
			name = "[CP] Embed Pods Frameworks";
			outputFileListPaths = (
				"${PODS_ROOT}/Target Support Files/Pods-movieDBapp/Pods-movieDBapp-frameworks-${CONFIGURATION}-output-files.xcfilelist",
			);
			runOnlyForDeploymentPostprocessing = 0;
			shellPath = /bin/sh;
			shellScript = "\"${PODS_ROOT}/Target Support Files/Pods-movieDBapp/Pods-movieDBapp-frameworks.sh\"\n";
			showEnvVarsInLog = 0;
		};
		6BBF030ECB0114E02538942A /* [CP] Check Pods Manifest.lock */ = {
			isa = PBXShellScriptBuildPhase;
			buildActionMask = 2147483647;
			files = (
			);
			inputFileListPaths = (
			);
			inputPaths = (
				"${PODS_PODFILE_DIR_PATH}/Podfile.lock",
				"${PODS_ROOT}/Manifest.lock",
			);
			name = "[CP] Check Pods Manifest.lock";
			outputFileListPaths = (
			);
			outputPaths = (
				"$(DERIVED_FILE_DIR)/Pods-movieDBapp-checkManifestLockResult.txt",
			);
			runOnlyForDeploymentPostprocessing = 0;
			shellPath = /bin/sh;
			shellScript = "diff \"${PODS_PODFILE_DIR_PATH}/Podfile.lock\" \"${PODS_ROOT}/Manifest.lock\" > /dev/null\nif [ $? != 0 ] ; then\n    # print error to STDERR\n    echo \"error: The sandbox is not in sync with the Podfile.lock. Run 'pod install' or update your CocoaPods installation.\" >&2\n    exit 1\nfi\n# This output is used by Xcode 'outputs' to avoid re-running this script phase.\necho \"SUCCESS\" > \"${SCRIPT_OUTPUT_FILE_0}\"\n";
			showEnvVarsInLog = 0;
		};
/* End PBXShellScriptBuildPhase section */

/* Begin PBXSourcesBuildPhase section */
		E7E80B9422DB1B31004FE499 /* Sources */ = {
			isa = PBXSourcesBuildPhase;
			buildActionMask = 2147483647;
			files = (
				E7EB7B4C22DB38170000E2AE /* PopularMoviesDataController.swift in Sources */,
				E79EE08522DC87D000A668AF /* DetailOfMovieViewModel.swift in Sources */,
				E7EB7B6C22DB904C0000E2AE /* PopularMoviesCell.swift in Sources */,
				E7CB4ACB22DB29E700512468 /* ApiParams.swift in Sources */,
				E7CB4AC722DB257A00512468 /* Constants.swift in Sources */,
				E7EB7B4522DB34F50000E2AE /* PopularMoviesPresenterProtocol.swift in Sources */,
				E79EE08D22DCAB6D00A668AF /* MoviesDetailsViewModel.swift in Sources */,
				E7EB7B6522DB59480000E2AE /* MovieImageHelper.swift in Sources */,
				E7EB7B5B22DB3FC00000E2AE /* DetailOfMoviePresenter.swift in Sources */,
				E7EB7B4722DB36850000E2AE /* PopularMoviesDomainController.swift in Sources */,
				E7CB4AC422DB24E700512468 /* ApiRouter.swift in Sources */,
				E7EB7B5922DB3A1D0000E2AE /* DetailOfMovieViewController.swift in Sources */,
				E7CB4AC922DB27CF00512468 /* MovieAppError.swift in Sources */,
				E7CB4AEA22DB336300512468 /* PopularMoviesPresenter.swift in Sources */,
				E79EE08322DC81D500A668AF /* DetailOfMovieResponseModel.swift in Sources */,
				E7CB4AE622DB325A00512468 /* PopularMoviesViewProtocol.swift in Sources */,
				E79EE08722DC88A800A668AF /* MovieListAndDetailModel.swift in Sources */,
				E7CB4ADB22DB2FD200512468 /* BaseViewProtocol.swift in Sources */,
				E7CB4AD922DB2FC600512468 /* BaseViewController.swift in Sources */,
				E7EB7B6122DB44940000E2AE /* PopularMoviesResponseModel.swift in Sources */,
				E7EB7B4E22DB38660000E2AE /* DetailOfMovieDataController.swift in Sources */,
				E7EB7B5F22DB3FDE0000E2AE /* DetailOfMoviePresenterProtocol.swift in Sources */,
				E7EB7B6722DB86870000E2AE /* PopularMoviesViewModel.swift in Sources */,
				E7EB7B5222DB38B50000E2AE /* DetailOfMovieDomainController.swift in Sources */,
				E7CB4AC222DB24B900512468 /* ApiController.swift in Sources */,
				E79EE08922DC93F600A668AF /* DetailOfMovieDomainModel.swift in Sources */,
				E7E80B9C22DB1B31004FE499 /* AppDelegate.swift in Sources */,
				E7EB7B6322DB56AB0000E2AE /* PopularMoviesDomainModel.swift in Sources */,
				E7CB4AE122DB316900512468 /* PopularMoviesViewController.swift in Sources */,
				E79EE08B22DC940200A668AF /* ListWithDetailDomainModel.swift in Sources */,
				E7EB7B5D22DB3FD00000E2AE /* DetailOfMovieViewProtocol.swift in Sources */,
			);
			runOnlyForDeploymentPostprocessing = 0;
		};
/* End PBXSourcesBuildPhase section */

/* Begin PBXVariantGroup section */
		E7E80B9F22DB1B31004FE499 /* Main.storyboard */ = {
			isa = PBXVariantGroup;
			children = (
				E7E80BA022DB1B31004FE499 /* Base */,
			);
			name = Main.storyboard;
			sourceTree = "<group>";
		};
		E7E80BA422DB1B32004FE499 /* LaunchScreen.storyboard */ = {
			isa = PBXVariantGroup;
			children = (
				E7E80BA522DB1B32004FE499 /* Base */,
			);
			name = LaunchScreen.storyboard;
			sourceTree = "<group>";
		};
/* End PBXVariantGroup section */

/* Begin XCBuildConfiguration section */
		E7E80BA822DB1B32004FE499 /* Debug */ = {
			isa = XCBuildConfiguration;
			buildSettings = {
				ALWAYS_SEARCH_USER_PATHS = NO;
				CLANG_ANALYZER_NONNULL = YES;
				CLANG_ANALYZER_NUMBER_OBJECT_CONVERSION = YES_AGGRESSIVE;
				CLANG_CXX_LANGUAGE_STANDARD = "gnu++14";
				CLANG_CXX_LIBRARY = "libc++";
				CLANG_ENABLE_MODULES = YES;
				CLANG_ENABLE_OBJC_ARC = YES;
				CLANG_ENABLE_OBJC_WEAK = YES;
				CLANG_WARN_BLOCK_CAPTURE_AUTORELEASING = YES;
				CLANG_WARN_BOOL_CONVERSION = YES;
				CLANG_WARN_COMMA = YES;
				CLANG_WARN_CONSTANT_CONVERSION = YES;
				CLANG_WARN_DEPRECATED_OBJC_IMPLEMENTATIONS = YES;
				CLANG_WARN_DIRECT_OBJC_ISA_USAGE = YES_ERROR;
				CLANG_WARN_DOCUMENTATION_COMMENTS = YES;
				CLANG_WARN_EMPTY_BODY = YES;
				CLANG_WARN_ENUM_CONVERSION = YES;
				CLANG_WARN_INFINITE_RECURSION = YES;
				CLANG_WARN_INT_CONVERSION = YES;
				CLANG_WARN_NON_LITERAL_NULL_CONVERSION = YES;
				CLANG_WARN_OBJC_IMPLICIT_RETAIN_SELF = YES;
				CLANG_WARN_OBJC_LITERAL_CONVERSION = YES;
				CLANG_WARN_OBJC_ROOT_CLASS = YES_ERROR;
				CLANG_WARN_RANGE_LOOP_ANALYSIS = YES;
				CLANG_WARN_STRICT_PROTOTYPES = YES;
				CLANG_WARN_SUSPICIOUS_MOVE = YES;
				CLANG_WARN_UNGUARDED_AVAILABILITY = YES_AGGRESSIVE;
				CLANG_WARN_UNREACHABLE_CODE = YES;
				CLANG_WARN__DUPLICATE_METHOD_MATCH = YES;
				CODE_SIGN_IDENTITY = "iPhone Developer";
				COPY_PHASE_STRIP = NO;
				DEBUG_INFORMATION_FORMAT = dwarf;
				ENABLE_STRICT_OBJC_MSGSEND = YES;
				ENABLE_TESTABILITY = YES;
				GCC_C_LANGUAGE_STANDARD = gnu11;
				GCC_DYNAMIC_NO_PIC = NO;
				GCC_NO_COMMON_BLOCKS = YES;
				GCC_OPTIMIZATION_LEVEL = 0;
				GCC_PREPROCESSOR_DEFINITIONS = (
					"DEBUG=1",
					"$(inherited)",
				);
				GCC_WARN_64_TO_32_BIT_CONVERSION = YES;
				GCC_WARN_ABOUT_RETURN_TYPE = YES_ERROR;
				GCC_WARN_UNDECLARED_SELECTOR = YES;
				GCC_WARN_UNINITIALIZED_AUTOS = YES_AGGRESSIVE;
				GCC_WARN_UNUSED_FUNCTION = YES;
				GCC_WARN_UNUSED_VARIABLE = YES;
				IPHONEOS_DEPLOYMENT_TARGET = 12.1;
				MTL_ENABLE_DEBUG_INFO = INCLUDE_SOURCE;
				MTL_FAST_MATH = YES;
				ONLY_ACTIVE_ARCH = YES;
				SDKROOT = iphoneos;
				SWIFT_ACTIVE_COMPILATION_CONDITIONS = DEBUG;
				SWIFT_OPTIMIZATION_LEVEL = "-Onone";
			};
			name = Debug;
		};
		E7E80BA922DB1B32004FE499 /* Release */ = {
			isa = XCBuildConfiguration;
			buildSettings = {
				ALWAYS_SEARCH_USER_PATHS = NO;
				CLANG_ANALYZER_NONNULL = YES;
				CLANG_ANALYZER_NUMBER_OBJECT_CONVERSION = YES_AGGRESSIVE;
				CLANG_CXX_LANGUAGE_STANDARD = "gnu++14";
				CLANG_CXX_LIBRARY = "libc++";
				CLANG_ENABLE_MODULES = YES;
				CLANG_ENABLE_OBJC_ARC = YES;
				CLANG_ENABLE_OBJC_WEAK = YES;
				CLANG_WARN_BLOCK_CAPTURE_AUTORELEASING = YES;
				CLANG_WARN_BOOL_CONVERSION = YES;
				CLANG_WARN_COMMA = YES;
				CLANG_WARN_CONSTANT_CONVERSION = YES;
				CLANG_WARN_DEPRECATED_OBJC_IMPLEMENTATIONS = YES;
				CLANG_WARN_DIRECT_OBJC_ISA_USAGE = YES_ERROR;
				CLANG_WARN_DOCUMENTATION_COMMENTS = YES;
				CLANG_WARN_EMPTY_BODY = YES;
				CLANG_WARN_ENUM_CONVERSION = YES;
				CLANG_WARN_INFINITE_RECURSION = YES;
				CLANG_WARN_INT_CONVERSION = YES;
				CLANG_WARN_NON_LITERAL_NULL_CONVERSION = YES;
				CLANG_WARN_OBJC_IMPLICIT_RETAIN_SELF = YES;
				CLANG_WARN_OBJC_LITERAL_CONVERSION = YES;
				CLANG_WARN_OBJC_ROOT_CLASS = YES_ERROR;
				CLANG_WARN_RANGE_LOOP_ANALYSIS = YES;
				CLANG_WARN_STRICT_PROTOTYPES = YES;
				CLANG_WARN_SUSPICIOUS_MOVE = YES;
				CLANG_WARN_UNGUARDED_AVAILABILITY = YES_AGGRESSIVE;
				CLANG_WARN_UNREACHABLE_CODE = YES;
				CLANG_WARN__DUPLICATE_METHOD_MATCH = YES;
				CODE_SIGN_IDENTITY = "iPhone Developer";
				COPY_PHASE_STRIP = NO;
				DEBUG_INFORMATION_FORMAT = "dwarf-with-dsym";
				ENABLE_NS_ASSERTIONS = NO;
				ENABLE_STRICT_OBJC_MSGSEND = YES;
				GCC_C_LANGUAGE_STANDARD = gnu11;
				GCC_NO_COMMON_BLOCKS = YES;
				GCC_WARN_64_TO_32_BIT_CONVERSION = YES;
				GCC_WARN_ABOUT_RETURN_TYPE = YES_ERROR;
				GCC_WARN_UNDECLARED_SELECTOR = YES;
				GCC_WARN_UNINITIALIZED_AUTOS = YES_AGGRESSIVE;
				GCC_WARN_UNUSED_FUNCTION = YES;
				GCC_WARN_UNUSED_VARIABLE = YES;
				IPHONEOS_DEPLOYMENT_TARGET = 12.1;
				MTL_ENABLE_DEBUG_INFO = NO;
				MTL_FAST_MATH = YES;
				SDKROOT = iphoneos;
				SWIFT_COMPILATION_MODE = wholemodule;
				SWIFT_OPTIMIZATION_LEVEL = "-O";
				VALIDATE_PRODUCT = YES;
			};
			name = Release;
		};
		E7E80BAB22DB1B32004FE499 /* Debug */ = {
			isa = XCBuildConfiguration;
			baseConfigurationReference = EF26ACBE68B890C7ED609606 /* Pods-movieDBapp.debug.xcconfig */;
			buildSettings = {
				ASSETCATALOG_COMPILER_APPICON_NAME = AppIcon;
				CODE_SIGN_STYLE = Automatic;
				DEVELOPMENT_TEAM = G86QG244PK;
				INFOPLIST_FILE = movieDBapp/Info.plist;
				IPHONEOS_DEPLOYMENT_TARGET = 10.0;
				LD_RUNPATH_SEARCH_PATHS = (
					"$(inherited)",
					"@executable_path/Frameworks",
				);
				PRODUCT_BUNDLE_IDENTIFIER = com.borjasaez.movieDBapp;
				PRODUCT_NAME = "$(TARGET_NAME)";
				SWIFT_VERSION = 4.2;
				TARGETED_DEVICE_FAMILY = "1,2";
			};
			name = Debug;
		};
		E7E80BAC22DB1B32004FE499 /* Release */ = {
			isa = XCBuildConfiguration;
			baseConfigurationReference = FA6F47323E051761574BD739 /* Pods-movieDBapp.release.xcconfig */;
			buildSettings = {
				ASSETCATALOG_COMPILER_APPICON_NAME = AppIcon;
				CODE_SIGN_STYLE = Automatic;
				DEVELOPMENT_TEAM = G86QG244PK;
				INFOPLIST_FILE = movieDBapp/Info.plist;
				IPHONEOS_DEPLOYMENT_TARGET = 10.0;
				LD_RUNPATH_SEARCH_PATHS = (
					"$(inherited)",
					"@executable_path/Frameworks",
				);
				PRODUCT_BUNDLE_IDENTIFIER = com.borjasaez.movieDBapp;
				PRODUCT_NAME = "$(TARGET_NAME)";
				SWIFT_VERSION = 4.2;
				TARGETED_DEVICE_FAMILY = "1,2";
			};
			name = Release;
		};
/* End XCBuildConfiguration section */

/* Begin XCConfigurationList section */
		E7E80B9322DB1B31004FE499 /* Build configuration list for PBXProject "movieDBapp" */ = {
			isa = XCConfigurationList;
			buildConfigurations = (
				E7E80BA822DB1B32004FE499 /* Debug */,
				E7E80BA922DB1B32004FE499 /* Release */,
			);
			defaultConfigurationIsVisible = 0;
			defaultConfigurationName = Release;
		};
		E7E80BAA22DB1B32004FE499 /* Build configuration list for PBXNativeTarget "movieDBapp" */ = {
			isa = XCConfigurationList;
			buildConfigurations = (
				E7E80BAB22DB1B32004FE499 /* Debug */,
				E7E80BAC22DB1B32004FE499 /* Release */,
			);
			defaultConfigurationIsVisible = 0;
			defaultConfigurationName = Release;
		};
/* End XCConfigurationList section */
	};
	rootObject = E7E80B9022DB1B31004FE499 /* Project object */;
}
